
Microsoft Visual Studio Solution File, Format Version 12.00
# Visual Studio Version 17
VisualStudioVersion = 17.4.33205.214
MinimumVisualStudioVersion = 10.0.40219.1
Project("{FAE04EC0-301F-11D3-BF4B-00C04F79EFBC}") = "BackendProject", "BackendProject\BackendProject.csproj", "{0CC156A3-48FB-4253-873D-DFC72B238924}"
EndProject
Global
	GlobalSection(SolutionConfigurationPlatforms) = preSolution
		Debug|Any CPU = Debug|Any CPU
		Release|Any CPU = Release|Any CPU
	EndGlobalSection
	GlobalSection(ProjectConfigurationPlatforms) = postSolution
		{0CC156A3-48FB-4253-873D-DFC72B238924}.Debug|Any CPU.ActiveCfg = Debug|Any CPU
		{0CC156A3-48FB-4253-873D-DFC72B238924}.Debug|Any CPU.Build.0 = Debug|Any CPU
		{0CC156A3-48FB-4253-873D-DFC72B238924}.Release|Any CPU.ActiveCfg = Release|Any CPU
		{0CC156A3-48FB-4253-873D-DFC72B238924}.Release|Any CPU.Build.0 = Release|Any CPU
	EndGlobalSection
	GlobalSection(SolutionProperties) = preSolution
		HideSolutionNode = FALSE
	EndGlobalSection
	GlobalSection(ExtensibilityGlobals) = postSolution
		SolutionGuid = {1C942596-3D47-4DB4-807A-D181450064C4}
	EndGlobalSection
EndGlobal
